
Microsoft Visual Studio Solution File, Format Version 12.00
# Visual Studio 15
VisualStudioVersion = 15.0.27703.2026
MinimumVisualStudioVersion = 10.0.40219.1
Project("{FAE04EC0-301F-11D3-BF4B-00C04F79EFBC}") = "StockLib", "StockLib\StockLib.csproj", "{B42AD561-2055-424F-B935-AC1505F8930B}"
EndProject
Project("{FAE04EC0-301F-11D3-BF4B-00C04F79EFBC}") = "TestExample", "TestExample\TestExample.csproj", "{B0BB6689-91F0-43A2-9A7F-84214A19E0CC}"
EndProject
Global
	GlobalSection(SolutionConfigurationPlatforms) = preSolution
		Debug|Any CPU = Debug|Any CPU
		Release|Any CPU = Release|Any CPU
	EndGlobalSection
	GlobalSection(ProjectConfigurationPlatforms) = postSolution
		{B42AD561-2055-424F-B935-AC1505F8930B}.Debug|Any CPU.ActiveCfg = Debug|Any CPU
		{B42AD561-2055-424F-B935-AC1505F8930B}.Debug|Any CPU.Build.0 = Debug|Any CPU
		{B42AD561-2055-424F-B935-AC1505F8930B}.Release|Any CPU.ActiveCfg = Release|Any CPU
		{B42AD561-2055-424F-B935-AC1505F8930B}.Release|Any CPU.Build.0 = Release|Any CPU
		{B0BB6689-91F0-43A2-9A7F-84214A19E0CC}.Debug|Any CPU.ActiveCfg = Debug|Any CPU
		{B0BB6689-91F0-43A2-9A7F-84214A19E0CC}.Debug|Any CPU.Build.0 = Debug|Any CPU
		{B0BB6689-91F0-43A2-9A7F-84214A19E0CC}.Release|Any CPU.ActiveCfg = Release|Any CPU
		{B0BB6689-91F0-43A2-9A7F-84214A19E0CC}.Release|Any CPU.Build.0 = Release|Any CPU
	EndGlobalSection
	GlobalSection(SolutionProperties) = preSolution
		HideSolutionNode = FALSE
	EndGlobalSection
	GlobalSection(ExtensibilityGlobals) = postSolution
		SolutionGuid = {25D77CC7-08A4-43C7-BC4D-79198B6BBC86}
	EndGlobalSection
EndGlobal
